
Microsoft Visual Studio Solution File, Format Version 12.00
# Visual Studio Version 16
VisualStudioVersion = 16.0.29215.179
MinimumVisualStudioVersion = 10.0.40219.1
Project("{FAE04EC0-301F-11D3-BF4B-00C04F79EFBC}") = "7-Listas2", "7-Listas2\7-Listas2.csproj", "{35D91F2C-CE08-4FCF-8B48-BDE985C4B98C}"
EndProject
Global
	GlobalSection(SolutionConfigurationPlatforms) = preSolution
		Debug|Any CPU = Debug|Any CPU
		Release|Any CPU = Release|Any CPU
	EndGlobalSection
	GlobalSection(ProjectConfigurationPlatforms) = postSolution
		{35D91F2C-CE08-4FCF-8B48-BDE985C4B98C}.Debug|Any CPU.ActiveCfg = Debug|Any CPU
		{35D91F2C-CE08-4FCF-8B48-BDE985C4B98C}.Debug|Any CPU.Build.0 = Debug|Any CPU
		{35D91F2C-CE08-4FCF-8B48-BDE985C4B98C}.Release|Any CPU.ActiveCfg = Release|Any CPU
		{35D91F2C-CE08-4FCF-8B48-BDE985C4B98C}.Release|Any CPU.Build.0 = Release|Any CPU
	EndGlobalSection
	GlobalSection(SolutionProperties) = preSolution
		HideSolutionNode = FALSE
	EndGlobalSection
	GlobalSection(ExtensibilityGlobals) = postSolution
		SolutionGuid = {172E4B92-B82E-487E-8F73-E952EB798E38}
	EndGlobalSection
EndGlobal
