
Microsoft Visual Studio Solution File, Format Version 12.00
# Visual Studio Version 16
VisualStudioVersion = 16.0.29215.179
MinimumVisualStudioVersion = 10.0.40219.1
Project("{FAE04EC0-301F-11D3-BF4B-00C04F79EFBC}") = "9 - Conjunto", "9 - Conjunto\9 - Conjunto.csproj", "{34553609-F6F0-4235-9576-69E12870BAD6}"
EndProject
Global
	GlobalSection(SolutionConfigurationPlatforms) = preSolution
		Debug|Any CPU = Debug|Any CPU
		Release|Any CPU = Release|Any CPU
	EndGlobalSection
	GlobalSection(ProjectConfigurationPlatforms) = postSolution
		{34553609-F6F0-4235-9576-69E12870BAD6}.Debug|Any CPU.ActiveCfg = Debug|Any CPU
		{34553609-F6F0-4235-9576-69E12870BAD6}.Debug|Any CPU.Build.0 = Debug|Any CPU
		{34553609-F6F0-4235-9576-69E12870BAD6}.Release|Any CPU.ActiveCfg = Release|Any CPU
		{34553609-F6F0-4235-9576-69E12870BAD6}.Release|Any CPU.Build.0 = Release|Any CPU
	EndGlobalSection
	GlobalSection(SolutionProperties) = preSolution
		HideSolutionNode = FALSE
	EndGlobalSection
	GlobalSection(ExtensibilityGlobals) = postSolution
		SolutionGuid = {9CC6CD23-8D0C-43BD-B8F2-A28F2B09477D}
	EndGlobalSection
EndGlobal
